// !$*UTF8*$!
{
	archiveVersion = 1;
	classes = {
	};
	objectVersion = 56;
	objects = {

/* Begin PBXBuildFile section */
		025ED0022D0604A500CA38A2 /* SRAMApp.swift in Sources */ = {isa = PBXBuildFile; fileRef = 025ED0012D0604A500CA38A2 /* SRAMApp.swift */; };
		025ED0042D0604A500CA38A2 /* ContentView.swift in Sources */ = {isa = PBXBuildFile; fileRef = 025ED0032D0604A500CA38A2 /* ContentView.swift */; };
		025ED0062D0604A600CA38A2 /* Assets.xcassets in Resources */ = {isa = PBXBuildFile; fileRef = 025ED0052D0604A600CA38A2 /* Assets.xcassets */; };
		025ED0092D0604A600CA38A2 /* Preview Assets.xcassets in Resources */ = {isa = PBXBuildFile; fileRef = 025ED0082D0604A600CA38A2 /* Preview Assets.xcassets */; };
		025ED0152D0605FE00CA38A2 /* Constants.swift in Sources */ = {isa = PBXBuildFile; fileRef = 025ED0142D0605FE00CA38A2 /* Constants.swift */; };
		025ED0182D060DAF00CA38A2 /* StravaAPI.swift in Sources */ = {isa = PBXBuildFile; fileRef = 025ED0172D060DAF00CA38A2 /* StravaAPI.swift */; };
		025ED01C2D068D2C00CA38A2 /* HomeView.swift in Sources */ = {isa = PBXBuildFile; fileRef = 025ED01B2D068D2C00CA38A2 /* HomeView.swift */; };
		025ED01E2D06944800CA38A2 /* StravaToken.swift in Sources */ = {isa = PBXBuildFile; fileRef = 025ED01D2D06944800CA38A2 /* StravaToken.swift */; };
		025ED0222D06A07C00CA38A2 /* ApiError.swift in Sources */ = {isa = PBXBuildFile; fileRef = 025ED0212D06A07C00CA38A2 /* ApiError.swift */; };
		025ED0242D07407F00CA38A2 /* User.swift in Sources */ = {isa = PBXBuildFile; fileRef = 025ED0232D07407F00CA38A2 /* User.swift */; };
		025ED0282D0740D700CA38A2 /* AthleteSummary.swift in Sources */ = {isa = PBXBuildFile; fileRef = 025ED0272D0740D600CA38A2 /* AthleteSummary.swift */; };
		025ED02C2D07A6BA00CA38A2 /* Activity.swift in Sources */ = {isa = PBXBuildFile; fileRef = 025ED02B2D07A6BA00CA38A2 /* Activity.swift */; };
		025ED02E2D07AA1C00CA38A2 /* DateUtils.swift in Sources */ = {isa = PBXBuildFile; fileRef = 025ED02D2D07AA1B00CA38A2 /* DateUtils.swift */; };
		025ED0322D08DFAF00CA38A2 /* ActivityConversions.swift in Sources */ = {isa = PBXBuildFile; fileRef = 025ED0312D08DFAF00CA38A2 /* ActivityConversions.swift */; };
		025ED0342D08E89500CA38A2 /* StravaActivityTypes.swift in Sources */ = {isa = PBXBuildFile; fileRef = 025ED0332D08E89500CA38A2 /* StravaActivityTypes.swift */; };
		025ED0382D0AADB300CA38A2 /* WeeklySnapshotView.swift in Sources */ = {isa = PBXBuildFile; fileRef = 025ED0372D0AADB300CA38A2 /* WeeklySnapshotView.swift */; };
/* End PBXBuildFile section */

/* Begin PBXFileReference section */
		025ECFFE2D0604A500CA38A2 /* SRAM.app */ = {isa = PBXFileReference; explicitFileType = wrapper.application; includeInIndex = 0; path = SRAM.app; sourceTree = BUILT_PRODUCTS_DIR; };
		025ED0012D0604A500CA38A2 /* SRAMApp.swift */ = {isa = PBXFileReference; lastKnownFileType = sourcecode.swift; path = SRAMApp.swift; sourceTree = "<group>"; };
		025ED0032D0604A500CA38A2 /* ContentView.swift */ = {isa = PBXFileReference; lastKnownFileType = sourcecode.swift; path = ContentView.swift; sourceTree = "<group>"; };
		025ED0052D0604A600CA38A2 /* Assets.xcassets */ = {isa = PBXFileReference; lastKnownFileType = folder.assetcatalog; path = Assets.xcassets; sourceTree = "<group>"; };
		025ED0082D0604A600CA38A2 /* Preview Assets.xcassets */ = {isa = PBXFileReference; lastKnownFileType = folder.assetcatalog; path = "Preview Assets.xcassets"; sourceTree = "<group>"; };
		025ED0142D0605FE00CA38A2 /* Constants.swift */ = {isa = PBXFileReference; lastKnownFileType = sourcecode.swift; path = Constants.swift; sourceTree = "<group>"; };
		025ED0162D0607AA00CA38A2 /* Info.plist */ = {isa = PBXFileReference; lastKnownFileType = text.plist; path = Info.plist; sourceTree = "<group>"; };
		025ED0172D060DAF00CA38A2 /* StravaAPI.swift */ = {isa = PBXFileReference; lastKnownFileType = sourcecode.swift; path = StravaAPI.swift; sourceTree = "<group>"; };
		025ED01B2D068D2C00CA38A2 /* HomeView.swift */ = {isa = PBXFileReference; lastKnownFileType = sourcecode.swift; path = HomeView.swift; sourceTree = "<group>"; };
		025ED01D2D06944800CA38A2 /* StravaToken.swift */ = {isa = PBXFileReference; lastKnownFileType = sourcecode.swift; path = StravaToken.swift; sourceTree = "<group>"; };
		025ED0212D06A07C00CA38A2 /* ApiError.swift */ = {isa = PBXFileReference; lastKnownFileType = sourcecode.swift; path = ApiError.swift; sourceTree = "<group>"; };
		025ED0232D07407F00CA38A2 /* User.swift */ = {isa = PBXFileReference; lastKnownFileType = sourcecode.swift; path = User.swift; sourceTree = "<group>"; };
		025ED0272D0740D600CA38A2 /* AthleteSummary.swift */ = {isa = PBXFileReference; lastKnownFileType = sourcecode.swift; path = AthleteSummary.swift; sourceTree = "<group>"; };
		025ED02B2D07A6BA00CA38A2 /* Activity.swift */ = {isa = PBXFileReference; lastKnownFileType = sourcecode.swift; path = Activity.swift; sourceTree = "<group>"; };
		025ED02D2D07AA1B00CA38A2 /* DateUtils.swift */ = {isa = PBXFileReference; lastKnownFileType = sourcecode.swift; path = DateUtils.swift; sourceTree = "<group>"; };
		025ED0312D08DFAF00CA38A2 /* ActivityConversions.swift */ = {isa = PBXFileReference; lastKnownFileType = sourcecode.swift; path = ActivityConversions.swift; sourceTree = "<group>"; };
		025ED0332D08E89500CA38A2 /* StravaActivityTypes.swift */ = {isa = PBXFileReference; lastKnownFileType = sourcecode.swift; path = StravaActivityTypes.swift; sourceTree = "<group>"; };
		025ED0372D0AADB300CA38A2 /* WeeklySnapshotView.swift */ = {isa = PBXFileReference; lastKnownFileType = sourcecode.swift; path = WeeklySnapshotView.swift; sourceTree = "<group>"; };
/* End PBXFileReference section */

/* Begin PBXFrameworksBuildPhase section */
		025ECFFB2D0604A500CA38A2 /* Frameworks */ = {
			isa = PBXFrameworksBuildPhase;
			buildActionMask = 2147483647;
			files = (
			);
			runOnlyForDeploymentPostprocessing = 0;
		};
/* End PBXFrameworksBuildPhase section */

/* Begin PBXGroup section */
		025ECFF52D0604A500CA38A2 = {
			isa = PBXGroup;
			children = (
				025ED0002D0604A500CA38A2 /* SRAM */,
				025ECFFF2D0604A500CA38A2 /* Products */,
			);
			sourceTree = "<group>";
		};
		025ECFFF2D0604A500CA38A2 /* Products */ = {
			isa = PBXGroup;
			children = (
				025ECFFE2D0604A500CA38A2 /* SRAM.app */,
			);
			name = Products;
			sourceTree = "<group>";
		};
		025ED0002D0604A500CA38A2 /* SRAM */ = {
			isa = PBXGroup;
			children = (
				025ED0162D0607AA00CA38A2 /* Info.plist */,
				025ED0132D0605CD00CA38A2 /* App */,
				025ED0122D0605BC00CA38A2 /* Utilities */,
				025ED0112D0605AC00CA38A2 /* Models */,
				025ED0102D0605A100CA38A2 /* Networking */,
				025ED00F2D06059200CA38A2 /* Views */,
				025ED0052D0604A600CA38A2 /* Assets.xcassets */,
				025ED0072D0604A600CA38A2 /* Preview Content */,
			);
			path = SRAM;
			sourceTree = "<group>";
		};
		025ED0072D0604A600CA38A2 /* Preview Content */ = {
			isa = PBXGroup;
			children = (
				025ED0082D0604A600CA38A2 /* Preview Assets.xcassets */,
			);
			path = "Preview Content";
			sourceTree = "<group>";
		};
		025ED00F2D06059200CA38A2 /* Views */ = {
			isa = PBXGroup;
			children = (
				025ED0032D0604A500CA38A2 /* ContentView.swift */,
				025ED01B2D068D2C00CA38A2 /* HomeView.swift */,
				025ED0372D0AADB300CA38A2 /* WeeklySnapshotView.swift */,
			);
			path = Views;
			sourceTree = "<group>";
		};
		025ED0102D0605A100CA38A2 /* Networking */ = {
			isa = PBXGroup;
			children = (
				025ED0172D060DAF00CA38A2 /* StravaAPI.swift */,
			);
			path = Networking;
			sourceTree = "<group>";
		};
		025ED0112D0605AC00CA38A2 /* Models */ = {
			isa = PBXGroup;
			children = (
				025ED01D2D06944800CA38A2 /* StravaToken.swift */,
				025ED0212D06A07C00CA38A2 /* ApiError.swift */,
				025ED0232D07407F00CA38A2 /* User.swift */,
				025ED0272D0740D600CA38A2 /* AthleteSummary.swift */,
				025ED02B2D07A6BA00CA38A2 /* Activity.swift */,
				025ED0332D08E89500CA38A2 /* StravaActivityTypes.swift */,
			);
			path = Models;
			sourceTree = "<group>";
		};
		025ED0122D0605BC00CA38A2 /* Utilities */ = {
			isa = PBXGroup;
			children = (
				025ED0142D0605FE00CA38A2 /* Constants.swift */,
				025ED02D2D07AA1B00CA38A2 /* DateUtils.swift */,
				025ED0312D08DFAF00CA38A2 /* ActivityConversions.swift */,
			);
			path = Utilities;
			sourceTree = "<group>";
		};
		025ED0132D0605CD00CA38A2 /* App */ = {
			isa = PBXGroup;
			children = (
				025ED0012D0604A500CA38A2 /* SRAMApp.swift */,
			);
			path = App;
			sourceTree = "<group>";
		};
/* End PBXGroup section */

/* Begin PBXNativeTarget section */
		025ECFFD2D0604A500CA38A2 /* SRAM */ = {
			isa = PBXNativeTarget;
			buildConfigurationList = 025ED00C2D0604A600CA38A2 /* Build configuration list for PBXNativeTarget "SRAM" */;
			buildPhases = (
				025ECFFA2D0604A500CA38A2 /* Sources */,
				025ECFFB2D0604A500CA38A2 /* Frameworks */,
				025ECFFC2D0604A500CA38A2 /* Resources */,
			);
			buildRules = (
			);
			dependencies = (
			);
			name = SRAM;
			productName = SRAM;
			productReference = 025ECFFE2D0604A500CA38A2 /* SRAM.app */;
			productType = "com.apple.product-type.application";
		};
/* End PBXNativeTarget section */

/* Begin PBXProject section */
		025ECFF62D0604A500CA38A2 /* Project object */ = {
			isa = PBXProject;
			attributes = {
				BuildIndependentTargetsInParallel = 1;
				LastSwiftUpdateCheck = 1520;
				LastUpgradeCheck = 1520;
				TargetAttributes = {
					025ECFFD2D0604A500CA38A2 = {
						CreatedOnToolsVersion = 15.2;
					};
				};
			};
			buildConfigurationList = 025ECFF92D0604A500CA38A2 /* Build configuration list for PBXProject "SRAM" */;
			compatibilityVersion = "Xcode 14.0";
			developmentRegion = en;
			hasScannedForEncodings = 0;
			knownRegions = (
				en,
				Base,
			);
			mainGroup = 025ECFF52D0604A500CA38A2;
			productRefGroup = 025ECFFF2D0604A500CA38A2 /* Products */;
			projectDirPath = "";
			projectRoot = "";
			targets = (
				025ECFFD2D0604A500CA38A2 /* SRAM */,
			);
		};
/* End PBXProject section */

/* Begin PBXResourcesBuildPhase section */
		025ECFFC2D0604A500CA38A2 /* Resources */ = {
			isa = PBXResourcesBuildPhase;
			buildActionMask = 2147483647;
			files = (
				025ED0092D0604A600CA38A2 /* Preview Assets.xcassets in Resources */,
				025ED0062D0604A600CA38A2 /* Assets.xcassets in Resources */,
			);
			runOnlyForDeploymentPostprocessing = 0;
		};
/* End PBXResourcesBuildPhase section */

/* Begin PBXSourcesBuildPhase section */
		025ECFFA2D0604A500CA38A2 /* Sources */ = {
			isa = PBXSourcesBuildPhase;
			buildActionMask = 2147483647;
			files = (
				025ED0282D0740D700CA38A2 /* AthleteSummary.swift in Sources */,
				025ED0382D0AADB300CA38A2 /* WeeklySnapshotView.swift in Sources */,
				025ED0042D0604A500CA38A2 /* ContentView.swift in Sources */,
				025ED0322D08DFAF00CA38A2 /* ActivityConversions.swift in Sources */,
				025ED0182D060DAF00CA38A2 /* StravaAPI.swift in Sources */,
				025ED01E2D06944800CA38A2 /* StravaToken.swift in Sources */,
				025ED0342D08E89500CA38A2 /* StravaActivityTypes.swift in Sources */,
				025ED0022D0604A500CA38A2 /* SRAMApp.swift in Sources */,
				025ED0242D07407F00CA38A2 /* User.swift in Sources */,
				025ED01C2D068D2C00CA38A2 /* HomeView.swift in Sources */,
				025ED0222D06A07C00CA38A2 /* ApiError.swift in Sources */,
				025ED02E2D07AA1C00CA38A2 /* DateUtils.swift in Sources */,
				025ED02C2D07A6BA00CA38A2 /* Activity.swift in Sources */,
				025ED0152D0605FE00CA38A2 /* Constants.swift in Sources */,
			);
			runOnlyForDeploymentPostprocessing = 0;
		};
/* End PBXSourcesBuildPhase section */

/* Begin XCBuildConfiguration section */
		025ED00A2D0604A600CA38A2 /* Debug */ = {
			isa = XCBuildConfiguration;
			buildSettings = {
				ALWAYS_SEARCH_USER_PATHS = NO;
				ASSETCATALOG_COMPILER_GENERATE_SWIFT_ASSET_SYMBOL_EXTENSIONS = YES;
				CLANG_ANALYZER_NONNULL = YES;
				CLANG_ANALYZER_NUMBER_OBJECT_CONVERSION = YES_AGGRESSIVE;
				CLANG_CXX_LANGUAGE_STANDARD = "gnu++20";
				CLANG_ENABLE_MODULES = YES;
				CLANG_ENABLE_OBJC_ARC = YES;
				CLANG_ENABLE_OBJC_WEAK = YES;
				CLANG_WARN_BLOCK_CAPTURE_AUTORELEASING = YES;
				CLANG_WARN_BOOL_CONVERSION = YES;
				CLANG_WARN_COMMA = YES;
				CLANG_WARN_CONSTANT_CONVERSION = YES;
				CLANG_WARN_DEPRECATED_OBJC_IMPLEMENTATIONS = YES;
				CLANG_WARN_DIRECT_OBJC_ISA_USAGE = YES_ERROR;
				CLANG_WARN_DOCUMENTATION_COMMENTS = YES;
				CLANG_WARN_EMPTY_BODY = YES;
				CLANG_WARN_ENUM_CONVERSION = YES;
				CLANG_WARN_INFINITE_RECURSION = YES;
				CLANG_WARN_INT_CONVERSION = YES;
				CLANG_WARN_NON_LITERAL_NULL_CONVERSION = YES;
				CLANG_WARN_OBJC_IMPLICIT_RETAIN_SELF = YES;
				CLANG_WARN_OBJC_LITERAL_CONVERSION = YES;
				CLANG_WARN_OBJC_ROOT_CLASS = YES_ERROR;
				CLANG_WARN_QUOTED_INCLUDE_IN_FRAMEWORK_HEADER = YES;
				CLANG_WARN_RANGE_LOOP_ANALYSIS = YES;
				CLANG_WARN_STRICT_PROTOTYPES = YES;
				CLANG_WARN_SUSPICIOUS_MOVE = YES;
				CLANG_WARN_UNGUARDED_AVAILABILITY = YES_AGGRESSIVE;
				CLANG_WARN_UNREACHABLE_CODE = YES;
				CLANG_WARN__DUPLICATE_METHOD_MATCH = YES;
				COPY_PHASE_STRIP = NO;
				DEBUG_INFORMATION_FORMAT = dwarf;
				ENABLE_STRICT_OBJC_MSGSEND = YES;
				ENABLE_TESTABILITY = YES;
				ENABLE_USER_SCRIPT_SANDBOXING = YES;
				GCC_C_LANGUAGE_STANDARD = gnu17;
				GCC_DYNAMIC_NO_PIC = NO;
				GCC_NO_COMMON_BLOCKS = YES;
				GCC_OPTIMIZATION_LEVEL = 0;
				GCC_PREPROCESSOR_DEFINITIONS = (
					"DEBUG=1",
					"$(inherited)",
				);
				GCC_WARN_64_TO_32_BIT_CONVERSION = YES;
				GCC_WARN_ABOUT_RETURN_TYPE = YES_ERROR;
				GCC_WARN_UNDECLARED_SELECTOR = YES;
				GCC_WARN_UNINITIALIZED_AUTOS = YES_AGGRESSIVE;
				GCC_WARN_UNUSED_FUNCTION = YES;
				GCC_WARN_UNUSED_VARIABLE = YES;
				IPHONEOS_DEPLOYMENT_TARGET = 17.2;
				LOCALIZATION_PREFERS_STRING_CATALOGS = YES;
				MTL_ENABLE_DEBUG_INFO = INCLUDE_SOURCE;
				MTL_FAST_MATH = YES;
				ONLY_ACTIVE_ARCH = YES;
				SDKROOT = iphoneos;
				SWIFT_ACTIVE_COMPILATION_CONDITIONS = "DEBUG $(inherited)";
				SWIFT_OPTIMIZATION_LEVEL = "-Onone";
			};
			name = Debug;
		};
		025ED00B2D0604A600CA38A2 /* Release */ = {
			isa = XCBuildConfiguration;
			buildSettings = {
				ALWAYS_SEARCH_USER_PATHS = NO;
				ASSETCATALOG_COMPILER_GENERATE_SWIFT_ASSET_SYMBOL_EXTENSIONS = YES;
				CLANG_ANALYZER_NONNULL = YES;
				CLANG_ANALYZER_NUMBER_OBJECT_CONVERSION = YES_AGGRESSIVE;
				CLANG_CXX_LANGUAGE_STANDARD = "gnu++20";
				CLANG_ENABLE_MODULES = YES;
				CLANG_ENABLE_OBJC_ARC = YES;
				CLANG_ENABLE_OBJC_WEAK = YES;
				CLANG_WARN_BLOCK_CAPTURE_AUTORELEASING = YES;
				CLANG_WARN_BOOL_CONVERSION = YES;
				CLANG_WARN_COMMA = YES;
				CLANG_WARN_CONSTANT_CONVERSION = YES;
				CLANG_WARN_DEPRECATED_OBJC_IMPLEMENTATIONS = YES;
				CLANG_WARN_DIRECT_OBJC_ISA_USAGE = YES_ERROR;
				CLANG_WARN_DOCUMENTATION_COMMENTS = YES;
				CLANG_WARN_EMPTY_BODY = YES;
				CLANG_WARN_ENUM_CONVERSION = YES;
				CLANG_WARN_INFINITE_RECURSION = YES;
				CLANG_WARN_INT_CONVERSION = YES;
				CLANG_WARN_NON_LITERAL_NULL_CONVERSION = YES;
				CLANG_WARN_OBJC_IMPLICIT_RETAIN_SELF = YES;
				CLANG_WARN_OBJC_LITERAL_CONVERSION = YES;
				CLANG_WARN_OBJC_ROOT_CLASS = YES_ERROR;
				CLANG_WARN_QUOTED_INCLUDE_IN_FRAMEWORK_HEADER = YES;
				CLANG_WARN_RANGE_LOOP_ANALYSIS = YES;
				CLANG_WARN_STRICT_PROTOTYPES = YES;
				CLANG_WARN_SUSPICIOUS_MOVE = YES;
				CLANG_WARN_UNGUARDED_AVAILABILITY = YES_AGGRESSIVE;
				CLANG_WARN_UNREACHABLE_CODE = YES;
				CLANG_WARN__DUPLICATE_METHOD_MATCH = YES;
				COPY_PHASE_STRIP = NO;
				DEBUG_INFORMATION_FORMAT = "dwarf-with-dsym";
				ENABLE_NS_ASSERTIONS = NO;
				ENABLE_STRICT_OBJC_MSGSEND = YES;
				ENABLE_USER_SCRIPT_SANDBOXING = YES;
				GCC_C_LANGUAGE_STANDARD = gnu17;
				GCC_NO_COMMON_BLOCKS = YES;
				GCC_WARN_64_TO_32_BIT_CONVERSION = YES;
				GCC_WARN_ABOUT_RETURN_TYPE = YES_ERROR;
				GCC_WARN_UNDECLARED_SELECTOR = YES;
				GCC_WARN_UNINITIALIZED_AUTOS = YES_AGGRESSIVE;
				GCC_WARN_UNUSED_FUNCTION = YES;
				GCC_WARN_UNUSED_VARIABLE = YES;
				IPHONEOS_DEPLOYMENT_TARGET = 17.2;
				LOCALIZATION_PREFERS_STRING_CATALOGS = YES;
				MTL_ENABLE_DEBUG_INFO = NO;
				MTL_FAST_MATH = YES;
				SDKROOT = iphoneos;
				SWIFT_COMPILATION_MODE = wholemodule;
				VALIDATE_PRODUCT = YES;
			};
			name = Release;
		};
		025ED00D2D0604A600CA38A2 /* Debug */ = {
			isa = XCBuildConfiguration;
			buildSettings = {
				ASSETCATALOG_COMPILER_APPICON_NAME = AppIcon;
				ASSETCATALOG_COMPILER_GLOBAL_ACCENT_COLOR_NAME = AccentColor;
				CODE_SIGN_STYLE = Automatic;
				CURRENT_PROJECT_VERSION = 1;
				DEVELOPMENT_ASSET_PATHS = "\"SRAM/Preview Content\"";
				DEVELOPMENT_TEAM = L8UMZZA972;
				ENABLE_PREVIEWS = YES;
				GENERATE_INFOPLIST_FILE = YES;
				INFOPLIST_FILE = SRAM/Info.plist;
				INFOPLIST_KEY_UIApplicationSceneManifest_Generation = YES;
				INFOPLIST_KEY_UIApplicationSupportsIndirectInputEvents = YES;
				INFOPLIST_KEY_UILaunchScreen_Generation = YES;
				INFOPLIST_KEY_UISupportedInterfaceOrientations_iPad = "UIInterfaceOrientationPortrait UIInterfaceOrientationPortraitUpsideDown UIInterfaceOrientationLandscapeLeft UIInterfaceOrientationLandscapeRight";
				INFOPLIST_KEY_UISupportedInterfaceOrientations_iPhone = "UIInterfaceOrientationPortrait UIInterfaceOrientationLandscapeLeft UIInterfaceOrientationLandscapeRight";
				LD_RUNPATH_SEARCH_PATHS = (
					"$(inherited)",
					"@executable_path/Frameworks",
				);
				MARKETING_VERSION = 1.0;
				PRODUCT_BUNDLE_IDENTIFIER = com.crosstrain.oauth;
				PRODUCT_NAME = "$(TARGET_NAME)";
				SWIFT_EMIT_LOC_STRINGS = YES;
				SWIFT_VERSION = 5.0;
				TARGETED_DEVICE_FAMILY = "1,2";
			};
			name = Debug;
		};
		025ED00E2D0604A600CA38A2 /* Release */ = {
			isa = XCBuildConfiguration;
			buildSettings = {
				ASSETCATALOG_COMPILER_APPICON_NAME = AppIcon;
				ASSETCATALOG_COMPILER_GLOBAL_ACCENT_COLOR_NAME = AccentColor;
				CODE_SIGN_STYLE = Automatic;
				CURRENT_PROJECT_VERSION = 1;
				DEVELOPMENT_ASSET_PATHS = "\"SRAM/Preview Content\"";
				DEVELOPMENT_TEAM = L8UMZZA972;
				ENABLE_PREVIEWS = YES;
				GENERATE_INFOPLIST_FILE = YES;
				INFOPLIST_FILE = SRAM/Info.plist;
				INFOPLIST_KEY_UIApplicationSceneManifest_Generation = YES;
				INFOPLIST_KEY_UIApplicationSupportsIndirectInputEvents = YES;
				INFOPLIST_KEY_UILaunchScreen_Generation = YES;
				INFOPLIST_KEY_UISupportedInterfaceOrientations_iPad = "UIInterfaceOrientationPortrait UIInterfaceOrientationPortraitUpsideDown UIInterfaceOrientationLandscapeLeft UIInterfaceOrientationLandscapeRight";
				INFOPLIST_KEY_UISupportedInterfaceOrientations_iPhone = "UIInterfaceOrientationPortrait UIInterfaceOrientationLandscapeLeft UIInterfaceOrientationLandscapeRight";
				LD_RUNPATH_SEARCH_PATHS = (
					"$(inherited)",
					"@executable_path/Frameworks",
				);
				MARKETING_VERSION = 1.0;
				PRODUCT_BUNDLE_IDENTIFIER = com.crosstrain.oauth;
				PRODUCT_NAME = "$(TARGET_NAME)";
				SWIFT_EMIT_LOC_STRINGS = YES;
				SWIFT_VERSION = 5.0;
				TARGETED_DEVICE_FAMILY = "1,2";
			};
			name = Release;
		};
/* End XCBuildConfiguration section */

/* Begin XCConfigurationList section */
		025ECFF92D0604A500CA38A2 /* Build configuration list for PBXProject "SRAM" */ = {
			isa = XCConfigurationList;
			buildConfigurations = (
				025ED00A2D0604A600CA38A2 /* Debug */,
				025ED00B2D0604A600CA38A2 /* Release */,
			);
			defaultConfigurationIsVisible = 0;
			defaultConfigurationName = Release;
		};
		025ED00C2D0604A600CA38A2 /* Build configuration list for PBXNativeTarget "SRAM" */ = {
			isa = XCConfigurationList;
			buildConfigurations = (
				025ED00D2D0604A600CA38A2 /* Debug */,
				025ED00E2D0604A600CA38A2 /* Release */,
			);
			defaultConfigurationIsVisible = 0;
			defaultConfigurationName = Release;
		};
/* End XCConfigurationList section */
	};
	rootObject = 025ECFF62D0604A500CA38A2 /* Project object */;
}
